
Microsoft Visual Studio Solution File, Format Version 12.00
# Visual Studio 2017
Project("{FAE04EC0-301F-11D3-BF4B-00C04F79EFBC}") = "ikaabaProject", "ikaabaProject.csproj", "{4288483E-E825-FAB7-CB09-EE70D868C1C3}"
EndProject
Project("{FAE04EC0-301F-11D3-BF4B-00C04F79EFBC}") = "ikaabaProject.Editor", "ikaabaProject.Editor.csproj", "{B552F137-F647-1839-BB64-40590C9725B2}"
EndProject
Global
	GlobalSection(SolutionConfigurationPlatforms) = preSolution
		Debug|Any CPU = Debug|Any CPU
		Release|Any CPU = Release|Any CPU
	EndGlobalSection
	GlobalSection(ProjectConfigurationPlatforms) = postSolution
		{4288483E-E825-FAB7-CB09-EE70D868C1C3}.Debug|Any CPU.ActiveCfg = Debug|Any CPU
		{4288483E-E825-FAB7-CB09-EE70D868C1C3}.Debug|Any CPU.Build.0 = Debug|Any CPU
		{4288483E-E825-FAB7-CB09-EE70D868C1C3}.Release|Any CPU.ActiveCfg = Release|Any CPU
		{4288483E-E825-FAB7-CB09-EE70D868C1C3}.Release|Any CPU.Build.0 = Release|Any CPU
		{B552F137-F647-1839-BB64-40590C9725B2}.Debug|Any CPU.ActiveCfg = Debug|Any CPU
		{B552F137-F647-1839-BB64-40590C9725B2}.Debug|Any CPU.Build.0 = Debug|Any CPU
		{B552F137-F647-1839-BB64-40590C9725B2}.Release|Any CPU.ActiveCfg = Release|Any CPU
		{B552F137-F647-1839-BB64-40590C9725B2}.Release|Any CPU.Build.0 = Release|Any CPU
	EndGlobalSection
	GlobalSection(SolutionProperties) = preSolution
		HideSolutionNode = FALSE
	EndGlobalSection
EndGlobal
